
Microsoft Visual Studio Solution File, Format Version 12.00
# Visual Studio Version 16
VisualStudioVersion = 16.0.32428.217
MinimumVisualStudioVersion = 10.0.40219.1
Project("{FAE04EC0-301F-11D3-BF4B-00C04F79EFBC}") = "People", "People\People.csproj", "{37F10BAC-35C0-451E-BE8B-3DD39FD6C160}"
EndProject
Global
	GlobalSection(SolutionConfigurationPlatforms) = preSolution
		Debug|Any CPU = Debug|Any CPU
		Release|Any CPU = Release|Any CPU
	EndGlobalSection
	GlobalSection(ProjectConfigurationPlatforms) = postSolution
		{37F10BAC-35C0-451E-BE8B-3DD39FD6C160}.Debug|Any CPU.ActiveCfg = Debug|Any CPU
		{37F10BAC-35C0-451E-BE8B-3DD39FD6C160}.Debug|Any CPU.Build.0 = Debug|Any CPU
		{37F10BAC-35C0-451E-BE8B-3DD39FD6C160}.Release|Any CPU.ActiveCfg = Release|Any CPU
		{37F10BAC-35C0-451E-BE8B-3DD39FD6C160}.Release|Any CPU.Build.0 = Release|Any CPU
	EndGlobalSection
	GlobalSection(SolutionProperties) = preSolution
		HideSolutionNode = FALSE
	EndGlobalSection
	GlobalSection(ExtensibilityGlobals) = postSolution
		SolutionGuid = {8C3F406D-7B11-4070-9EBD-9EE1829DFE40}
	EndGlobalSection
EndGlobal
